<?xml version="1.0" encoding="utf-8"?>
<Project ToolsVersion="4.0" xmlns="http://schemas.microsoft.com/developer/msbuild/2003">
  <ItemGroup>
    <Filter Include="Resource Files">
      <UniqueIdentifier>{67DA6AB6-F800-4c08-8B7A-83BB121AAD01}</UniqueIdentifier>
      <Extensions>rc;ico;cur;bmp;dlg;rc2;rct;bin;rgs;gif;jpg;jpeg;jpe;resx;tiff;tif;png;wav;mfcribbon-ms</Extensions>
    </Filter>
    <Filter Include="core">
      <UniqueIdentifier>{f925df7d-6123-4706-9c88-4fd63a404737}</UniqueIdentifier>
    </Filter>
    <Filter Include="inc">
      <UniqueIdentifier>{93995380-89BD-4b04-88EB-625FBE52EBFB}</UniqueIdentifier>
      <Extensions>h;hh;hpp;hxx;hm;inl;inc;xsd</Extensions>
    </Filter>
    <Filter Include="src">
      <UniqueIdentifier>{4FC737F1-C7A5-4376-A066-2A32D752A2FF}</UniqueIdentifier>
      <Extensions>cpp;c;cc;cxx;def;odl;idl;hpj;bat;asm;asmx</Extensions>
    </Filter>
    <Filter Include="lib">
      <UniqueIdentifier>{74287574-39d5-4f58-aaff-7dd63c134b28}</UniqueIdentifier>
    </Filter>
  </ItemGroup>
  <ItemGroup>
    <ClCompile Include="..\main.cpp">
      <Filter>src</Filter>
    </ClCompile>
    <ClCompile Include="..\precompiled.cpp">
      <Filter>src</Filter>
    </ClCompile>
    <ClCompile Include="..\core\graphics.cpp">
      <Filter>core</Filter>
    </ClCompile>
    <ClCompile Include="..\core\graphics_context.cpp">
      <Filter>core</Filter>
    </ClCompile>
    <ClCompile Include="..\core\graphics_extra.cpp">
      <Filter>core</Filter>
    </ClCompile>
    <ClCompile Include="..\core\gpu_objects.cpp">
      <Filter>src</Filter>
    </ClCompile>
    <ClCompile Include="..\lib\string_utils.cpp">
      <Filter>src</Filter>
    </ClCompile>
    <ClCompile Include="..\core\graphics_utils.cpp">
      <Filter>src</Filter>
    </ClCompile>
    <ClCompile Include="..\lib\error.cpp">
      <Filter>src</Filter>
    </ClCompile>
    <ClCompile Include="..\lib\init_sequence.cpp">
      <Filter>src</Filter>
    </ClCompile>
    <ClCompile Include="..\lib\utils.cpp">
      <Filter>src</Filter>
    </ClCompile>
    <ClCompile Include="..\lib\file_utils.cpp">
      <Filter>src</Filter>
    </ClCompile>
    <ClCompile Include="..\lib\path_utils.cpp">
      <Filter>src</Filter>
    </ClCompile>
    <ClCompile Include="..\core\fullscreen_effect.cpp">
      <Filter>src</Filter>
    </ClCompile>
    <ClCompile Include="..\lib\stop_watch.cpp">
      <Filter>src</Filter>
    </ClCompile>
    <ClCompile Include="..\lib\arena_allocator.cpp">
      <Filter>lib</Filter>
    </ClCompile>
    <ClCompile Include="..\core\filewatcher_win32.cpp">
      <Filter>core</Filter>
    </ClCompile>
    <ClCompile Include="..\core\resource_manager.cpp">
      <Filter>core</Filter>
    </ClCompile>
    <ClCompile Include="..\lib\tano_math.cpp">
      <Filter>src</Filter>
    </ClCompile>
  </ItemGroup>
  <ItemGroup>
    <ClInclude Include="..\precompiled.hpp">
      <Filter>inc</Filter>
    </ClInclude>
    <ClInclude Include="..\core\graphics.hpp">
      <Filter>core</Filter>
    </ClInclude>
    <ClInclude Include="..\core\graphics_context.hpp">
      <Filter>core</Filter>
    </ClInclude>
    <ClInclude Include="..\core\graphics_extra.hpp">
      <Filter>core</Filter>
    </ClInclude>
    <ClInclude Include="resource.h">
      <Filter>Resource Files</Filter>
    </ClInclude>
    <ClInclude Include="..\core\gpu_objects.hpp">
      <Filter>inc</Filter>
    </ClInclude>
    <ClInclude Include="..\lib\string_utils.hpp">
      <Filter>inc</Filter>
    </ClInclude>
    <ClInclude Include="..\core\vertex_types.hpp">
      <Filter>inc</Filter>
    </ClInclude>
    <ClInclude Include="..\core\graphics_utils.hpp">
      <Filter>inc</Filter>
    </ClInclude>
    <ClInclude Include="..\lib\error.hpp">
      <Filter>inc</Filter>
    </ClInclude>
    <ClInclude Include="..\lib\init_sequence.hpp">
      <Filter>inc</Filter>
    </ClInclude>
    <ClInclude Include="..\lib\utils.hpp">
      <Filter>inc</Filter>
    </ClInclude>
    <ClInclude Include="..\lib\file_utils.hpp">
      <Filter>inc</Filter>
    </ClInclude>
    <ClInclude Include="..\lib\path_utils.hpp">
      <Filter>inc</Filter>
    </ClInclude>
    <ClInclude Include="..\core\fullscreen_effect.hpp">
      <Filter>inc</Filter>
    </ClInclude>
    <ClInclude Include="..\lib\rolling_average.hpp">
      <Filter>inc</Filter>
    </ClInclude>
    <ClInclude Include="..\lib\stop_watch.hpp">
      <Filter>inc</Filter>
    </ClInclude>
    <ClInclude Include="..\lib\arena_allocator.hpp">
      <Filter>lib</Filter>
    </ClInclude>
    <ClInclude Include="..\core\filewatcher_win32.hpp">
      <Filter>core</Filter>
    </ClInclude>
    <ClInclude Include="..\core\resource_manager.hpp">
      <Filter>core</Filter>
    </ClInclude>
    <ClInclude Include="..\lib\tano_math.hpp">
      <Filter>inc</Filter>
    </ClInclude>
  </ItemGroup>
  <ItemGroup>
    <ResourceCompile Include="world.rc">
      <Filter>Resource Files</Filter>
    </ResourceCompile>
  </ItemGroup>
</Project>