<?xml version="1.0" encoding="utf-8"?>
<Project ToolsVersion="4.0" xmlns="http://schemas.microsoft.com/developer/msbuild/2003">
  <ItemGroup>
    <Filter Include="Resource Files">
      <UniqueIdentifier>{67DA6AB6-F800-4c08-8B7A-83BB121AAD01}</UniqueIdentifier>
      <Extensions>rc;ico;cur;bmp;dlg;rc2;rct;bin;rgs;gif;jpg;jpeg;jpe;resx;tiff;tif;png;wav;mfcribbon-ms</Extensions>
    </Filter>
    <Filter Include="core">
      <UniqueIdentifier>{f925df7d-6123-4706-9c88-4fd63a404737}</UniqueIdentifier>
    </Filter>
    <Filter Include="inc">
      <UniqueIdentifier>{93995380-89BD-4b04-88EB-625FBE52EBFB}</UniqueIdentifier>
      <Extensions>h;hh;hpp;hxx;hm;inl;inc;xsd</Extensions>
    </Filter>
    <Filter Include="src">
      <UniqueIdentifier>{4FC737F1-C7A5-4376-A066-2A32D752A2FF}</UniqueIdentifier>
      <Extensions>cpp;c;cc;cxx;def;odl;idl;hpj;bat;asm;asmx</Extensions>
    </Filter>
    <Filter Include="lib">
      <UniqueIdentifier>{74287574-39d5-4f58-aaff-7dd63c134b28}</UniqueIdentifier>
    </Filter>
    <Filter Include="game">
      <UniqueIdentifier>{e33f638d-ae5a-4bc1-8074-b87a37ccd0aa}</UniqueIdentifier>
    </Filter>
    <Filter Include="stb">
      <UniqueIdentifier>{887c52ed-4cba-43f0-adea-5c7130c0a682}</UniqueIdentifier>
    </Filter>
    <Filter Include="contrib">
      <UniqueIdentifier>{39408f57-c0e6-4d22-ae7b-b1e05db0bba5}</UniqueIdentifier>
    </Filter>
    <Filter Include="contrib\box2d">
      <UniqueIdentifier>{e4812e93-f027-4088-939d-d68f3ccd74f9}</UniqueIdentifier>
    </Filter>
  </ItemGroup>
  <ItemGroup>
    <ClCompile Include="..\precompiled.cpp">
      <Filter>src</Filter>
    </ClCompile>
    <ClCompile Include="..\core\graphics.cpp">
      <Filter>core</Filter>
    </ClCompile>
    <ClCompile Include="..\core\graphics_context.cpp">
      <Filter>core</Filter>
    </ClCompile>
    <ClCompile Include="..\core\graphics_extra.cpp">
      <Filter>core</Filter>
    </ClCompile>
    <ClCompile Include="..\core\gpu_objects.cpp">
      <Filter>src</Filter>
    </ClCompile>
    <ClCompile Include="..\lib\string_utils.cpp">
      <Filter>src</Filter>
    </ClCompile>
    <ClCompile Include="..\core\graphics_utils.cpp">
      <Filter>src</Filter>
    </ClCompile>
    <ClCompile Include="..\lib\error.cpp">
      <Filter>src</Filter>
    </ClCompile>
    <ClCompile Include="..\lib\init_sequence.cpp">
      <Filter>src</Filter>
    </ClCompile>
    <ClCompile Include="..\lib\utils.cpp">
      <Filter>src</Filter>
    </ClCompile>
    <ClCompile Include="..\lib\file_utils.cpp">
      <Filter>src</Filter>
    </ClCompile>
    <ClCompile Include="..\lib\path_utils.cpp">
      <Filter>src</Filter>
    </ClCompile>
    <ClCompile Include="..\core\fullscreen_effect.cpp">
      <Filter>src</Filter>
    </ClCompile>
    <ClCompile Include="..\lib\stop_watch.cpp">
      <Filter>src</Filter>
    </ClCompile>
    <ClCompile Include="..\lib\arena_allocator.cpp">
      <Filter>lib</Filter>
    </ClCompile>
    <ClCompile Include="..\core\filewatcher_win32.cpp">
      <Filter>core</Filter>
    </ClCompile>
    <ClCompile Include="..\core\resource_manager.cpp">
      <Filter>core</Filter>
    </ClCompile>
    <ClCompile Include="..\lib\tano_math.cpp">
      <Filter>src</Filter>
    </ClCompile>
    <ClCompile Include="..\world.cpp">
      <Filter>src</Filter>
    </ClCompile>
    <ClCompile Include="..\lib\input_buffer.cpp">
      <Filter>src</Filter>
    </ClCompile>
    <ClCompile Include="..\lib\parse_base.cpp">
      <Filter>src</Filter>
    </ClCompile>
    <ClCompile Include="..\core\sprite_manager.cpp">
      <Filter>src</Filter>
    </ClCompile>
    <ClCompile Include="..\core\imgui_helpers.cpp">
      <Filter>src</Filter>
    </ClCompile>
    <ClCompile Include="..\game\level.cpp">
      <Filter>game</Filter>
    </ClCompile>
    <ClCompile Include="..\lib\mesh_utils.cpp">
      <Filter>src</Filter>
    </ClCompile>
    <ClCompile Include="..\core\entity.cpp">
      <Filter>src</Filter>
    </ClCompile>
    <ClCompile Include="..\core\event_manager.cpp">
      <Filter>src</Filter>
    </ClCompile>
    <ClCompile Include="..\contrib\Box2D\Box2D\Box2D\Rope\b2Rope.cpp">
      <Filter>contrib\box2d</Filter>
    </ClCompile>
    <ClCompile Include="..\contrib\Box2D\Box2D\Box2D\Dynamics\b2Body.cpp">
      <Filter>contrib\box2d</Filter>
    </ClCompile>
    <ClCompile Include="..\contrib\Box2D\Box2D\Box2D\Dynamics\b2ContactManager.cpp">
      <Filter>contrib\box2d</Filter>
    </ClCompile>
    <ClCompile Include="..\contrib\Box2D\Box2D\Box2D\Dynamics\b2Fixture.cpp">
      <Filter>contrib\box2d</Filter>
    </ClCompile>
    <ClCompile Include="..\contrib\Box2D\Box2D\Box2D\Dynamics\b2Island.cpp">
      <Filter>contrib\box2d</Filter>
    </ClCompile>
    <ClCompile Include="..\contrib\Box2D\Box2D\Box2D\Dynamics\b2World.cpp">
      <Filter>contrib\box2d</Filter>
    </ClCompile>
    <ClCompile Include="..\contrib\Box2D\Box2D\Box2D\Dynamics\b2WorldCallbacks.cpp">
      <Filter>contrib\box2d</Filter>
    </ClCompile>
    <ClCompile Include="..\contrib\Box2D\Box2D\Box2D\Dynamics\Contacts\b2ChainAndCircleContact.cpp">
      <Filter>contrib\box2d</Filter>
    </ClCompile>
    <ClCompile Include="..\contrib\Box2D\Box2D\Box2D\Dynamics\Contacts\b2ChainAndPolygonContact.cpp">
      <Filter>contrib\box2d</Filter>
    </ClCompile>
    <ClCompile Include="..\contrib\Box2D\Box2D\Box2D\Dynamics\Contacts\b2CircleContact.cpp">
      <Filter>contrib\box2d</Filter>
    </ClCompile>
    <ClCompile Include="..\contrib\Box2D\Box2D\Box2D\Dynamics\Contacts\b2Contact.cpp">
      <Filter>contrib\box2d</Filter>
    </ClCompile>
    <ClCompile Include="..\contrib\Box2D\Box2D\Box2D\Dynamics\Contacts\b2ContactSolver.cpp">
      <Filter>contrib\box2d</Filter>
    </ClCompile>
    <ClCompile Include="..\contrib\Box2D\Box2D\Box2D\Dynamics\Contacts\b2EdgeAndCircleContact.cpp">
      <Filter>contrib\box2d</Filter>
    </ClCompile>
    <ClCompile Include="..\contrib\Box2D\Box2D\Box2D\Dynamics\Contacts\b2EdgeAndPolygonContact.cpp">
      <Filter>contrib\box2d</Filter>
    </ClCompile>
    <ClCompile Include="..\contrib\Box2D\Box2D\Box2D\Dynamics\Contacts\b2PolygonAndCircleContact.cpp">
      <Filter>contrib\box2d</Filter>
    </ClCompile>
    <ClCompile Include="..\contrib\Box2D\Box2D\Box2D\Dynamics\Contacts\b2PolygonContact.cpp">
      <Filter>contrib\box2d</Filter>
    </ClCompile>
    <ClCompile Include="..\contrib\Box2D\Box2D\Box2D\Dynamics\Joints\b2DistanceJoint.cpp">
      <Filter>contrib\box2d</Filter>
    </ClCompile>
    <ClCompile Include="..\contrib\Box2D\Box2D\Box2D\Dynamics\Joints\b2FrictionJoint.cpp">
      <Filter>contrib\box2d</Filter>
    </ClCompile>
    <ClCompile Include="..\contrib\Box2D\Box2D\Box2D\Dynamics\Joints\b2GearJoint.cpp">
      <Filter>contrib\box2d</Filter>
    </ClCompile>
    <ClCompile Include="..\contrib\Box2D\Box2D\Box2D\Dynamics\Joints\b2Joint.cpp">
      <Filter>contrib\box2d</Filter>
    </ClCompile>
    <ClCompile Include="..\contrib\Box2D\Box2D\Box2D\Dynamics\Joints\b2MotorJoint.cpp">
      <Filter>contrib\box2d</Filter>
    </ClCompile>
    <ClCompile Include="..\contrib\Box2D\Box2D\Box2D\Dynamics\Joints\b2MouseJoint.cpp">
      <Filter>contrib\box2d</Filter>
    </ClCompile>
    <ClCompile Include="..\contrib\Box2D\Box2D\Box2D\Dynamics\Joints\b2PrismaticJoint.cpp">
      <Filter>contrib\box2d</Filter>
    </ClCompile>
    <ClCompile Include="..\contrib\Box2D\Box2D\Box2D\Dynamics\Joints\b2PulleyJoint.cpp">
      <Filter>contrib\box2d</Filter>
    </ClCompile>
    <ClCompile Include="..\contrib\Box2D\Box2D\Box2D\Dynamics\Joints\b2RevoluteJoint.cpp">
      <Filter>contrib\box2d</Filter>
    </ClCompile>
    <ClCompile Include="..\contrib\Box2D\Box2D\Box2D\Dynamics\Joints\b2RopeJoint.cpp">
      <Filter>contrib\box2d</Filter>
    </ClCompile>
    <ClCompile Include="..\contrib\Box2D\Box2D\Box2D\Dynamics\Joints\b2WeldJoint.cpp">
      <Filter>contrib\box2d</Filter>
    </ClCompile>
    <ClCompile Include="..\contrib\Box2D\Box2D\Box2D\Dynamics\Joints\b2WheelJoint.cpp">
      <Filter>contrib\box2d</Filter>
    </ClCompile>
    <ClCompile Include="..\contrib\Box2D\Box2D\Box2D\Common\b2BlockAllocator.cpp">
      <Filter>contrib\box2d</Filter>
    </ClCompile>
    <ClCompile Include="..\contrib\Box2D\Box2D\Box2D\Common\b2Draw.cpp">
      <Filter>contrib\box2d</Filter>
    </ClCompile>
    <ClCompile Include="..\contrib\Box2D\Box2D\Box2D\Common\b2Math.cpp">
      <Filter>contrib\box2d</Filter>
    </ClCompile>
    <ClCompile Include="..\contrib\Box2D\Box2D\Box2D\Common\b2Settings.cpp">
      <Filter>contrib\box2d</Filter>
    </ClCompile>
    <ClCompile Include="..\contrib\Box2D\Box2D\Box2D\Common\b2StackAllocator.cpp">
      <Filter>contrib\box2d</Filter>
    </ClCompile>
    <ClCompile Include="..\contrib\Box2D\Box2D\Box2D\Common\b2Timer.cpp">
      <Filter>contrib\box2d</Filter>
    </ClCompile>
    <ClCompile Include="..\contrib\Box2D\Box2D\Box2D\Collision\b2BroadPhase.cpp">
      <Filter>contrib\box2d</Filter>
    </ClCompile>
    <ClCompile Include="..\contrib\Box2D\Box2D\Box2D\Collision\b2CollideCircle.cpp">
      <Filter>contrib\box2d</Filter>
    </ClCompile>
    <ClCompile Include="..\contrib\Box2D\Box2D\Box2D\Collision\b2CollideEdge.cpp">
      <Filter>contrib\box2d</Filter>
    </ClCompile>
    <ClCompile Include="..\contrib\Box2D\Box2D\Box2D\Collision\b2CollidePolygon.cpp">
      <Filter>contrib\box2d</Filter>
    </ClCompile>
    <ClCompile Include="..\contrib\Box2D\Box2D\Box2D\Collision\b2Collision.cpp">
      <Filter>contrib\box2d</Filter>
    </ClCompile>
    <ClCompile Include="..\contrib\Box2D\Box2D\Box2D\Collision\b2Distance.cpp">
      <Filter>contrib\box2d</Filter>
    </ClCompile>
    <ClCompile Include="..\contrib\Box2D\Box2D\Box2D\Collision\b2DynamicTree.cpp">
      <Filter>contrib\box2d</Filter>
    </ClCompile>
    <ClCompile Include="..\contrib\Box2D\Box2D\Box2D\Collision\b2TimeOfImpact.cpp">
      <Filter>contrib\box2d</Filter>
    </ClCompile>
    <ClCompile Include="..\contrib\Box2D\Box2D\Box2D\Collision\Shapes\b2ChainShape.cpp">
      <Filter>contrib\box2d</Filter>
    </ClCompile>
    <ClCompile Include="..\contrib\Box2D\Box2D\Box2D\Collision\Shapes\b2CircleShape.cpp">
      <Filter>contrib\box2d</Filter>
    </ClCompile>
    <ClCompile Include="..\contrib\Box2D\Box2D\Box2D\Collision\Shapes\b2EdgeShape.cpp">
      <Filter>contrib\box2d</Filter>
    </ClCompile>
    <ClCompile Include="..\contrib\Box2D\Box2D\Box2D\Collision\Shapes\b2PolygonShape.cpp">
      <Filter>contrib\box2d</Filter>
    </ClCompile>
  </ItemGroup>
  <ItemGroup>
    <ClInclude Include="..\precompiled.hpp">
      <Filter>inc</Filter>
    </ClInclude>
    <ClInclude Include="..\core\graphics.hpp">
      <Filter>core</Filter>
    </ClInclude>
    <ClInclude Include="..\core\graphics_context.hpp">
      <Filter>core</Filter>
    </ClInclude>
    <ClInclude Include="..\core\graphics_extra.hpp">
      <Filter>core</Filter>
    </ClInclude>
    <ClInclude Include="resource.h">
      <Filter>Resource Files</Filter>
    </ClInclude>
    <ClInclude Include="..\core\gpu_objects.hpp">
      <Filter>inc</Filter>
    </ClInclude>
    <ClInclude Include="..\lib\string_utils.hpp">
      <Filter>inc</Filter>
    </ClInclude>
    <ClInclude Include="..\core\vertex_types.hpp">
      <Filter>inc</Filter>
    </ClInclude>
    <ClInclude Include="..\core\graphics_utils.hpp">
      <Filter>inc</Filter>
    </ClInclude>
    <ClInclude Include="..\lib\error.hpp">
      <Filter>inc</Filter>
    </ClInclude>
    <ClInclude Include="..\lib\init_sequence.hpp">
      <Filter>inc</Filter>
    </ClInclude>
    <ClInclude Include="..\lib\utils.hpp">
      <Filter>inc</Filter>
    </ClInclude>
    <ClInclude Include="..\lib\file_utils.hpp">
      <Filter>inc</Filter>
    </ClInclude>
    <ClInclude Include="..\lib\path_utils.hpp">
      <Filter>inc</Filter>
    </ClInclude>
    <ClInclude Include="..\core\fullscreen_effect.hpp">
      <Filter>inc</Filter>
    </ClInclude>
    <ClInclude Include="..\lib\rolling_average.hpp">
      <Filter>inc</Filter>
    </ClInclude>
    <ClInclude Include="..\lib\stop_watch.hpp">
      <Filter>inc</Filter>
    </ClInclude>
    <ClInclude Include="..\lib\arena_allocator.hpp">
      <Filter>lib</Filter>
    </ClInclude>
    <ClInclude Include="..\core\filewatcher_win32.hpp">
      <Filter>core</Filter>
    </ClInclude>
    <ClInclude Include="..\core\resource_manager.hpp">
      <Filter>core</Filter>
    </ClInclude>
    <ClInclude Include="..\lib\tano_math.hpp">
      <Filter>inc</Filter>
    </ClInclude>
    <ClInclude Include="..\world.hpp">
      <Filter>inc</Filter>
    </ClInclude>
    <ClInclude Include="..\lib\input_buffer.hpp">
      <Filter>inc</Filter>
    </ClInclude>
    <ClInclude Include="..\lib\parse_base.hpp">
      <Filter>inc</Filter>
    </ClInclude>
    <ClInclude Include="..\core\sprite_manager.hpp">
      <Filter>inc</Filter>
    </ClInclude>
    <ClInclude Include="..\core\imgui_helpers.hpp">
      <Filter>inc</Filter>
    </ClInclude>
    <ClInclude Include="..\core\object_handle.hpp">
      <Filter>inc</Filter>
    </ClInclude>
    <ClInclude Include="..\game\level.hpp">
      <Filter>game</Filter>
    </ClInclude>
    <ClInclude Include="..\stb\stb_image.h">
      <Filter>stb</Filter>
    </ClInclude>
    <ClInclude Include="..\lib\mesh_utils.hpp">
      <Filter>inc</Filter>
    </ClInclude>
    <ClInclude Include="..\core\entity.hpp">
      <Filter>inc</Filter>
    </ClInclude>
    <ClInclude Include="..\core\event_manager.hpp">
      <Filter>inc</Filter>
    </ClInclude>
    <ClInclude Include="..\contrib\Box2D\Box2D\Box2D\Box2D.h">
      <Filter>contrib\box2d</Filter>
    </ClInclude>
    <ClInclude Include="..\contrib\Box2D\Box2D\Box2D\Rope\b2Rope.h">
      <Filter>contrib\box2d</Filter>
    </ClInclude>
    <ClInclude Include="..\contrib\Box2D\Box2D\Box2D\Dynamics\b2Body.h">
      <Filter>contrib\box2d</Filter>
    </ClInclude>
    <ClInclude Include="..\contrib\Box2D\Box2D\Box2D\Dynamics\b2ContactManager.h">
      <Filter>contrib\box2d</Filter>
    </ClInclude>
    <ClInclude Include="..\contrib\Box2D\Box2D\Box2D\Dynamics\b2Fixture.h">
      <Filter>contrib\box2d</Filter>
    </ClInclude>
    <ClInclude Include="..\contrib\Box2D\Box2D\Box2D\Dynamics\b2Island.h">
      <Filter>contrib\box2d</Filter>
    </ClInclude>
    <ClInclude Include="..\contrib\Box2D\Box2D\Box2D\Dynamics\b2TimeStep.h">
      <Filter>contrib\box2d</Filter>
    </ClInclude>
    <ClInclude Include="..\contrib\Box2D\Box2D\Box2D\Dynamics\b2World.h">
      <Filter>contrib\box2d</Filter>
    </ClInclude>
    <ClInclude Include="..\contrib\Box2D\Box2D\Box2D\Dynamics\b2WorldCallbacks.h">
      <Filter>contrib\box2d</Filter>
    </ClInclude>
    <ClInclude Include="..\contrib\Box2D\Box2D\Box2D\Dynamics\Contacts\b2ChainAndCircleContact.h">
      <Filter>contrib\box2d</Filter>
    </ClInclude>
    <ClInclude Include="..\contrib\Box2D\Box2D\Box2D\Dynamics\Contacts\b2ChainAndPolygonContact.h">
      <Filter>contrib\box2d</Filter>
    </ClInclude>
    <ClInclude Include="..\contrib\Box2D\Box2D\Box2D\Dynamics\Contacts\b2CircleContact.h">
      <Filter>contrib\box2d</Filter>
    </ClInclude>
    <ClInclude Include="..\contrib\Box2D\Box2D\Box2D\Dynamics\Contacts\b2Contact.h">
      <Filter>contrib\box2d</Filter>
    </ClInclude>
    <ClInclude Include="..\contrib\Box2D\Box2D\Box2D\Dynamics\Contacts\b2ContactSolver.h">
      <Filter>contrib\box2d</Filter>
    </ClInclude>
    <ClInclude Include="..\contrib\Box2D\Box2D\Box2D\Dynamics\Contacts\b2EdgeAndCircleContact.h">
      <Filter>contrib\box2d</Filter>
    </ClInclude>
    <ClInclude Include="..\contrib\Box2D\Box2D\Box2D\Dynamics\Contacts\b2EdgeAndPolygonContact.h">
      <Filter>contrib\box2d</Filter>
    </ClInclude>
    <ClInclude Include="..\contrib\Box2D\Box2D\Box2D\Dynamics\Contacts\b2PolygonAndCircleContact.h">
      <Filter>contrib\box2d</Filter>
    </ClInclude>
    <ClInclude Include="..\contrib\Box2D\Box2D\Box2D\Dynamics\Contacts\b2PolygonContact.h">
      <Filter>contrib\box2d</Filter>
    </ClInclude>
    <ClInclude Include="..\contrib\Box2D\Box2D\Box2D\Dynamics\Joints\b2DistanceJoint.h">
      <Filter>contrib\box2d</Filter>
    </ClInclude>
    <ClInclude Include="..\contrib\Box2D\Box2D\Box2D\Dynamics\Joints\b2FrictionJoint.h">
      <Filter>contrib\box2d</Filter>
    </ClInclude>
    <ClInclude Include="..\contrib\Box2D\Box2D\Box2D\Dynamics\Joints\b2GearJoint.h">
      <Filter>contrib\box2d</Filter>
    </ClInclude>
    <ClInclude Include="..\contrib\Box2D\Box2D\Box2D\Dynamics\Joints\b2Joint.h">
      <Filter>contrib\box2d</Filter>
    </ClInclude>
    <ClInclude Include="..\contrib\Box2D\Box2D\Box2D\Dynamics\Joints\b2MotorJoint.h">
      <Filter>contrib\box2d</Filter>
    </ClInclude>
    <ClInclude Include="..\contrib\Box2D\Box2D\Box2D\Dynamics\Joints\b2MouseJoint.h">
      <Filter>contrib\box2d</Filter>
    </ClInclude>
    <ClInclude Include="..\contrib\Box2D\Box2D\Box2D\Dynamics\Joints\b2PrismaticJoint.h">
      <Filter>contrib\box2d</Filter>
    </ClInclude>
    <ClInclude Include="..\contrib\Box2D\Box2D\Box2D\Dynamics\Joints\b2PulleyJoint.h">
      <Filter>contrib\box2d</Filter>
    </ClInclude>
    <ClInclude Include="..\contrib\Box2D\Box2D\Box2D\Dynamics\Joints\b2RevoluteJoint.h">
      <Filter>contrib\box2d</Filter>
    </ClInclude>
    <ClInclude Include="..\contrib\Box2D\Box2D\Box2D\Dynamics\Joints\b2RopeJoint.h">
      <Filter>contrib\box2d</Filter>
    </ClInclude>
    <ClInclude Include="..\contrib\Box2D\Box2D\Box2D\Dynamics\Joints\b2WeldJoint.h">
      <Filter>contrib\box2d</Filter>
    </ClInclude>
    <ClInclude Include="..\contrib\Box2D\Box2D\Box2D\Dynamics\Joints\b2WheelJoint.h">
      <Filter>contrib\box2d</Filter>
    </ClInclude>
    <ClInclude Include="..\contrib\Box2D\Box2D\Box2D\Common\b2BlockAllocator.h">
      <Filter>contrib\box2d</Filter>
    </ClInclude>
    <ClInclude Include="..\contrib\Box2D\Box2D\Box2D\Common\b2Draw.h">
      <Filter>contrib\box2d</Filter>
    </ClInclude>
    <ClInclude Include="..\contrib\Box2D\Box2D\Box2D\Common\b2GrowableStack.h">
      <Filter>contrib\box2d</Filter>
    </ClInclude>
    <ClInclude Include="..\contrib\Box2D\Box2D\Box2D\Common\b2Math.h">
      <Filter>contrib\box2d</Filter>
    </ClInclude>
    <ClInclude Include="..\contrib\Box2D\Box2D\Box2D\Common\b2Settings.h">
      <Filter>contrib\box2d</Filter>
    </ClInclude>
    <ClInclude Include="..\contrib\Box2D\Box2D\Box2D\Common\b2StackAllocator.h">
      <Filter>contrib\box2d</Filter>
    </ClInclude>
    <ClInclude Include="..\contrib\Box2D\Box2D\Box2D\Common\b2Timer.h">
      <Filter>contrib\box2d</Filter>
    </ClInclude>
    <ClInclude Include="..\contrib\Box2D\Box2D\Box2D\Collision\b2BroadPhase.h">
      <Filter>contrib\box2d</Filter>
    </ClInclude>
    <ClInclude Include="..\contrib\Box2D\Box2D\Box2D\Collision\b2Collision.h">
      <Filter>contrib\box2d</Filter>
    </ClInclude>
    <ClInclude Include="..\contrib\Box2D\Box2D\Box2D\Collision\b2Distance.h">
      <Filter>contrib\box2d</Filter>
    </ClInclude>
    <ClInclude Include="..\contrib\Box2D\Box2D\Box2D\Collision\b2DynamicTree.h">
      <Filter>contrib\box2d</Filter>
    </ClInclude>
    <ClInclude Include="..\contrib\Box2D\Box2D\Box2D\Collision\b2TimeOfImpact.h">
      <Filter>contrib\box2d</Filter>
    </ClInclude>
    <ClInclude Include="..\contrib\Box2D\Box2D\Box2D\Collision\Shapes\b2ChainShape.h">
      <Filter>contrib\box2d</Filter>
    </ClInclude>
    <ClInclude Include="..\contrib\Box2D\Box2D\Box2D\Collision\Shapes\b2CircleShape.h">
      <Filter>contrib\box2d</Filter>
    </ClInclude>
    <ClInclude Include="..\contrib\Box2D\Box2D\Box2D\Collision\Shapes\b2EdgeShape.h">
      <Filter>contrib\box2d</Filter>
    </ClInclude>
    <ClInclude Include="..\contrib\Box2D\Box2D\Box2D\Collision\Shapes\b2PolygonShape.h">
      <Filter>contrib\box2d</Filter>
    </ClInclude>
    <ClInclude Include="..\contrib\Box2D\Box2D\Box2D\Collision\Shapes\b2Shape.h">
      <Filter>contrib\box2d</Filter>
    </ClInclude>
  </ItemGroup>
  <ItemGroup>
    <ResourceCompile Include="world.rc">
      <Filter>Resource Files</Filter>
    </ResourceCompile>
  </ItemGroup>
</Project>